
Microsoft Visual Studio Solution File, Format Version 12.00
# Visual Studio Version 17
VisualStudioVersion = 17.2.32630.192
MinimumVisualStudioVersion = 10.0.40219.1
Project("{FAE04EC0-301F-11D3-BF4B-00C04F79EFBC}") = "HelloApp", "HelloApp\HelloApp.csproj", "{1FAB0955-F68A-4D4C-A297-DDF44827E4E1}"
EndProject
Global
	GlobalSection(SolutionConfigurationPlatforms) = preSolution
		Debug|Any CPU = Debug|Any CPU
		Release|Any CPU = Release|Any CPU
	EndGlobalSection
	GlobalSection(ProjectConfigurationPlatforms) = postSolution
		{1FAB0955-F68A-4D4C-A297-DDF44827E4E1}.Debug|Any CPU.ActiveCfg = Debug|Any CPU
		{1FAB0955-F68A-4D4C-A297-DDF44827E4E1}.Debug|Any CPU.Build.0 = Debug|Any CPU
		{1FAB0955-F68A-4D4C-A297-DDF44827E4E1}.Release|Any CPU.ActiveCfg = Release|Any CPU
		{1FAB0955-F68A-4D4C-A297-DDF44827E4E1}.Release|Any CPU.Build.0 = Release|Any CPU
	EndGlobalSection
	GlobalSection(SolutionProperties) = preSolution
		HideSolutionNode = FALSE
	EndGlobalSection
	GlobalSection(ExtensibilityGlobals) = postSolution
		SolutionGuid = {8896F9FD-8B42-4F27-95EF-482DCB3CB3CE}
	EndGlobalSection
EndGlobal
